github.com/rueian/rueidis v0.0.100 h1:22yp/+8YHuWc/vcrp8bkjeE7baD3vygoh2gZ2+xu1KQ=
github.com/rueian/rueidis v0.0.100/go.mod h1:ivvsRYRtAUcf9OnheuKc5Gpa8IebrkLT1P45Lr2jlXE=
golang.org/x/exp v0.0.0-20230321023759-10a507213a29 h1:ooxPy7fPvB4kwsA2h+iBNHkAbp/4JxTSwCmvdjEYmug=
golang.org/x/exp v0.0.0-20230321023759-10a507213a29/go.mod h1:CxIveKay+FTh1D0yPZemJVgC/95VzuuOLq5Qi4xnoYc=
